
Microsoft Visual Studio Solution File, Format Version 12.00
# Visual Studio Version 17
VisualStudioVersion = 17.14.36221.1 d17.14
MinimumVisualStudioVersion = 10.0.40219.1
Project("{FAE04EC0-301F-11D3-BF4B-00C04F79EFBC}") = "To-do App", "To-do App\To-do App.csproj", "{F3E60916-B4C1-4F12-8C05-11071CA18E13}"
EndProject
Global
	GlobalSection(SolutionConfigurationPlatforms) = preSolution
		Debug|Any CPU = Debug|Any CPU
		Release|Any CPU = Release|Any CPU
	EndGlobalSection
	GlobalSection(ProjectConfigurationPlatforms) = postSolution
		{F3E60916-B4C1-4F12-8C05-11071CA18E13}.Debug|Any CPU.ActiveCfg = Debug|Any CPU
		{F3E60916-B4C1-4F12-8C05-11071CA18E13}.Debug|Any CPU.Build.0 = Debug|Any CPU
		{F3E60916-B4C1-4F12-8C05-11071CA18E13}.Release|Any CPU.ActiveCfg = Release|Any CPU
		{F3E60916-B4C1-4F12-8C05-11071CA18E13}.Release|Any CPU.Build.0 = Release|Any CPU
	EndGlobalSection
	GlobalSection(SolutionProperties) = preSolution
		HideSolutionNode = FALSE
	EndGlobalSection
	GlobalSection(ExtensibilityGlobals) = postSolution
		SolutionGuid = {E0447C29-C907-4D27-8296-FF43E2B561B3}
	EndGlobalSection
EndGlobal
